{
	"name": "tinymce",
	"version": "5.10.9",
	"lockfileVersion": 3,
	"requires": true,
	"packages": {
		"": {
			"name": "tinymce",
			"version": "5.10.9",
			"license": "LGPL-2.1",
			"dependencies": {
				"tinymce": "file:"
			}
		},
		"node_modules/tinymce": {
			"resolved": "",
			"link": true
		}
	}
}
